
Microsoft Visual Studio Solution File, Format Version 12.00
# Visual Studio Version 17
VisualStudioVersion = 17.8.34408.163
MinimumVisualStudioVersion = 10.0.40219.1
Project("{FAE04EC0-301F-11D3-BF4B-00C04F79EFBC}") = "BlazorApp1", "BlazorApp1\BlazorApp1\BlazorApp1.csproj", "{4C02739C-BEAD-4592-88B2-ACA81F6D2C16}"
EndProject
Project("{FAE04EC0-301F-11D3-BF4B-00C04F79EFBC}") = "BlazorApp1.Client", "BlazorApp1\BlazorApp1.Client\BlazorApp1.Client.csproj", "{162F9EF2-3415-4992-8BDE-34DAC2C3C478}"
EndProject
Global
	GlobalSection(SolutionConfigurationPlatforms) = preSolution
		Debug|Any CPU = Debug|Any CPU
		Release|Any CPU = Release|Any CPU
	EndGlobalSection
	GlobalSection(ProjectConfigurationPlatforms) = postSolution
		{4C02739C-BEAD-4592-88B2-ACA81F6D2C16}.Debug|Any CPU.ActiveCfg = Debug|Any CPU
		{4C02739C-BEAD-4592-88B2-ACA81F6D2C16}.Debug|Any CPU.Build.0 = Debug|Any CPU
		{4C02739C-BEAD-4592-88B2-ACA81F6D2C16}.Release|Any CPU.ActiveCfg = Release|Any CPU
		{4C02739C-BEAD-4592-88B2-ACA81F6D2C16}.Release|Any CPU.Build.0 = Release|Any CPU
		{162F9EF2-3415-4992-8BDE-34DAC2C3C478}.Debug|Any CPU.ActiveCfg = Debug|Any CPU
		{162F9EF2-3415-4992-8BDE-34DAC2C3C478}.Debug|Any CPU.Build.0 = Debug|Any CPU
		{162F9EF2-3415-4992-8BDE-34DAC2C3C478}.Release|Any CPU.ActiveCfg = Release|Any CPU
		{162F9EF2-3415-4992-8BDE-34DAC2C3C478}.Release|Any CPU.Build.0 = Release|Any CPU
	EndGlobalSection
	GlobalSection(SolutionProperties) = preSolution
		HideSolutionNode = FALSE
	EndGlobalSection
	GlobalSection(ExtensibilityGlobals) = postSolution
		SolutionGuid = {658211ED-8B5D-4F8A-A992-E9407BB45F7D}
	EndGlobalSection
EndGlobal
