
Microsoft Visual Studio Solution File, Format Version 12.00
# Visual Studio Version 17
VisualStudioVersion = 17.8.34408.163
MinimumVisualStudioVersion = 10.0.40219.1
Project("{9A19103F-16F7-4668-BE54-9A1E7A4F7556}") = "BlazorApp1", "BlazorApp1\BlazorApp1\BlazorApp1.csproj", "{4C02739C-BEAD-4592-88B2-ACA81F6D2C16}"
EndProject
Project("{9A19103F-16F7-4668-BE54-9A1E7A4F7556}") = "BlazorApp1.Client", "BlazorApp1\BlazorApp1.Client\BlazorApp1.Client.csproj", "{162F9EF2-3415-4992-8BDE-34DAC2C3C478}"
EndProject
Project("{9A19103F-16F7-4668-BE54-9A1E7A4F7556}") = "BlazorApp1.Shared", "BlazorApp1.Shared\BlazorApp1.Shared.csproj", "{254AB28B-59B1-4092-BFAB-CD5F0DCBD889}"
EndProject
Global
	GlobalSection(SolutionConfigurationPlatforms) = preSolution
		Debug|Any CPU = Debug|Any CPU
		Release|Any CPU = Release|Any CPU
	EndGlobalSection
	GlobalSection(ProjectConfigurationPlatforms) = postSolution
		{4C02739C-BEAD-4592-88B2-ACA81F6D2C16}.Debug|Any CPU.ActiveCfg = Debug|Any CPU
		{4C02739C-BEAD-4592-88B2-ACA81F6D2C16}.Debug|Any CPU.Build.0 = Debug|Any CPU
		{4C02739C-BEAD-4592-88B2-ACA81F6D2C16}.Release|Any CPU.ActiveCfg = Release|Any CPU
		{4C02739C-BEAD-4592-88B2-ACA81F6D2C16}.Release|Any CPU.Build.0 = Release|Any CPU
		{162F9EF2-3415-4992-8BDE-34DAC2C3C478}.Debug|Any CPU.ActiveCfg = Debug|Any CPU
		{162F9EF2-3415-4992-8BDE-34DAC2C3C478}.Debug|Any CPU.Build.0 = Debug|Any CPU
		{162F9EF2-3415-4992-8BDE-34DAC2C3C478}.Release|Any CPU.ActiveCfg = Release|Any CPU
		{162F9EF2-3415-4992-8BDE-34DAC2C3C478}.Release|Any CPU.Build.0 = Release|Any CPU
		{254AB28B-59B1-4092-BFAB-CD5F0DCBD889}.Debug|Any CPU.ActiveCfg = Debug|Any CPU
		{254AB28B-59B1-4092-BFAB-CD5F0DCBD889}.Debug|Any CPU.Build.0 = Debug|Any CPU
		{254AB28B-59B1-4092-BFAB-CD5F0DCBD889}.Release|Any CPU.ActiveCfg = Release|Any CPU
		{254AB28B-59B1-4092-BFAB-CD5F0DCBD889}.Release|Any CPU.Build.0 = Release|Any CPU
	EndGlobalSection
	GlobalSection(SolutionProperties) = preSolution
		HideSolutionNode = FALSE
	EndGlobalSection
	GlobalSection(ExtensibilityGlobals) = postSolution
		SolutionGuid = {658211ED-8B5D-4F8A-A992-E9407BB45F7D}
	EndGlobalSection
EndGlobal
