
Microsoft Visual Studio Solution File, Format Version 12.00
# Visual Studio Version 17
VisualStudioVersion = 17.8.34408.163
MinimumVisualStudioVersion = 10.0.40219.1
Project("{FAE04EC0-301F-11D3-BF4B-00C04F79EFBC}") = "Project1", "Project1\Project1.csproj", "{C11AEE1B-8D07-48AB-B753-0A2A54A68D1D}"
EndProject
Global
	GlobalSection(SolutionConfigurationPlatforms) = preSolution
		Debug|Any CPU = Debug|Any CPU
		Release|Any CPU = Release|Any CPU
	EndGlobalSection
	GlobalSection(ProjectConfigurationPlatforms) = postSolution
		{C11AEE1B-8D07-48AB-B753-0A2A54A68D1D}.Debug|Any CPU.ActiveCfg = Debug|Any CPU
		{C11AEE1B-8D07-48AB-B753-0A2A54A68D1D}.Debug|Any CPU.Build.0 = Debug|Any CPU
		{C11AEE1B-8D07-48AB-B753-0A2A54A68D1D}.Release|Any CPU.ActiveCfg = Release|Any CPU
		{C11AEE1B-8D07-48AB-B753-0A2A54A68D1D}.Release|Any CPU.Build.0 = Release|Any CPU
	EndGlobalSection
	GlobalSection(SolutionProperties) = preSolution
		HideSolutionNode = FALSE
	EndGlobalSection
	GlobalSection(ExtensibilityGlobals) = postSolution
		SolutionGuid = {633DF18C-E36B-4568-B342-918405F757A1}
	EndGlobalSection
EndGlobal
